# This file is autogenerated, do not edit; changes may be undone by the next 'dep ensure'.


[[projects]]
  branch = "master"
  name = "github.com/codegangsta/cli"
  packages = ["."]
  revision = "7ace96b43d4bdc46f81d0d1219742b2469874cf6"

[[projects]]
  branch = "master"
  name = "github.com/mattn/go-shellwords"
  packages = ["."]
  revision = "95c860c1895b21b58903abdd1d9c591560b0601c"

[solve-meta]
  analyzer-name = "dep"
  analyzer-version = 1
  inputs-digest = "811eb2a4ff240c32bd29568f4e1a4992e8bbe9845f2713d763312b9d740e1562"
  solver-name = "gps-cdcl"
  solver-version = 1
