# This file is autogenerated, do not edit; changes may be undone by the next 'dep ensure'.


[[projects]]
  name = "github.com/codegangsta/cli"
  packages = ["."]
  revision = "c31a7975863e7810c92e2e288a9ab074f9a88f29"
  version = "v1.11.1"

[[projects]]
  name = "github.com/mattn/go-shellwords"
  packages = ["."]
  revision = "f4e566c536cf69158e808ec28ef4182a37fdc981"
  version = "v1.0.0"

[solve-meta]
  analyzer-name = "dep"
  analyzer-version = 1
  inputs-digest = "266e96659fd9cacc744a9bcaef9b1a71bce2dbbd8e22b236848e543687f48be9"
  solver-name = "gps-cdcl"
  solver-version = 1
